// !$*UTF8*$!
{
	archiveVersion = 1;
	classes = {
	};
	objectVersion = 50;
	objects = {

/* Begin PBXBuildFile section */
		8F0B12F121D7071D00E3A98F /* WBPopContentView.m in Sources */ = {isa = PBXBuildFile; fileRef = 8F0B12F021D7071D00E3A98F /* WBPopContentView.m */; };
		8F75A02021D323E60076AC43 /* WBPopOverView.m in Sources */ = {isa = PBXBuildFile; fileRef = 8F75A01F21D323E60076AC43 /* WBPopOverView.m */; };
		8F75A02621D36E110076AC43 /* UIColor+ColorChange.m in Sources */ = {isa = PBXBuildFile; fileRef = 8F75A02421D36E0F0076AC43 /* UIColor+ColorChange.m */; };
		8F75A03E21D3705D0076AC43 /* MJPropertyType.m in Sources */ = {isa = PBXBuildFile; fileRef = 8F75A02B21D3705C0076AC43 /* MJPropertyType.m */; };
		8F75A03F21D3705D0076AC43 /* NSObject+MJKeyValue.m in Sources */ = {isa = PBXBuildFile; fileRef = 8F75A02E21D3705C0076AC43 /* NSObject+MJKeyValue.m */; };
		8F75A04021D3705D0076AC43 /* MJProperty.m in Sources */ = {isa = PBXBuildFile; fileRef = 8F75A02F21D3705C0076AC43 /* MJProperty.m */; };
		8F75A04121D3705D0076AC43 /* NSObject+MJCoding.m in Sources */ = {isa = PBXBuildFile; fileRef = 8F75A03121D3705C0076AC43 /* NSObject+MJCoding.m */; };
		8F75A04221D3705D0076AC43 /* MJExtensionConst.m in Sources */ = {isa = PBXBuildFile; fileRef = 8F75A03321D3705C0076AC43 /* MJExtensionConst.m */; };
		8F75A04321D3705D0076AC43 /* NSObject+MJProperty.m in Sources */ = {isa = PBXBuildFile; fileRef = 8F75A03421D3705C0076AC43 /* NSObject+MJProperty.m */; };
		8F75A04421D3705D0076AC43 /* NSObject+MJClass.m in Sources */ = {isa = PBXBuildFile; fileRef = 8F75A03621D3705C0076AC43 /* NSObject+MJClass.m */; };
		8F75A04521D3705D0076AC43 /* NSString+MJExtension.m in Sources */ = {isa = PBXBuildFile; fileRef = 8F75A03721D3705C0076AC43 /* NSString+MJExtension.m */; };
		8F75A04621D3705D0076AC43 /* MJPropertyKey.m in Sources */ = {isa = PBXBuildFile; fileRef = 8F75A03821D3705C0076AC43 /* MJPropertyKey.m */; };
		8F75A04721D3705D0076AC43 /* Info.plist in Resources */ = {isa = PBXBuildFile; fileRef = 8F75A03C21D3705C0076AC43 /* Info.plist */; };
		8F75A04821D3705D0076AC43 /* MJFoundation.m in Sources */ = {isa = PBXBuildFile; fileRef = 8F75A03D21D3705C0076AC43 /* MJFoundation.m */; };
		8F75A04E21D372840076AC43 /* UIView+AutoLayout.m in Sources */ = {isa = PBXBuildFile; fileRef = 8F75A04B21D372840076AC43 /* UIView+AutoLayout.m */; };
		8F75A04F21D372840076AC43 /* UIView+extension.m in Sources */ = {isa = PBXBuildFile; fileRef = 8F75A04D21D372840076AC43 /* UIView+extension.m */; };
		8F8B12EA21D5F1FC00C0AB46 /* MDPopOverView.m in Sources */ = {isa = PBXBuildFile; fileRef = 8F8B12E921D5F1FC00C0AB46 /* MDPopOverView.m */; };
		8FF63DF421DF4047003E8589 /* MMTimerViewController.m in Sources */ = {isa = PBXBuildFile; fileRef = 8FF63DF321DF4047003E8589 /* MMTimerViewController.m */; };
		8FF63DF721DF468A003E8589 /* WMTimerTVC.m in Sources */ = {isa = PBXBuildFile; fileRef = 8FF63DF621DF468A003E8589 /* WMTimerTVC.m */; };
		8FF63E4721E479A5003E8589 /* 63.jpg in Resources */ = {isa = PBXBuildFile; fileRef = 8FF63DFC21E479A5003E8589 /* 63.jpg */; };
		8FF63E4821E479A5003E8589 /* 62.jpg in Resources */ = {isa = PBXBuildFile; fileRef = 8FF63DFD21E479A5003E8589 /* 62.jpg */; };
		8FF63E4921E479A5003E8589 /* 74.jpg in Resources */ = {isa = PBXBuildFile; fileRef = 8FF63DFE21E479A5003E8589 /* 74.jpg */; };
		8FF63E4A21E479A5003E8589 /* 60.jpg in Resources */ = {isa = PBXBuildFile; fileRef = 8FF63DFF21E479A5003E8589 /* 60.jpg */; };
		8FF63E4B21E479A5003E8589 /* 48.jpg in Resources */ = {isa = PBXBuildFile; fileRef = 8FF63E0021E479A5003E8589 /* 48.jpg */; };
		8FF63E4C21E479A5003E8589 /* 49.jpg in Resources */ = {isa = PBXBuildFile; fileRef = 8FF63E0121E479A5003E8589 /* 49.jpg */; };
		8FF63E4D21E479A5003E8589 /* 61.jpg in Resources */ = {isa = PBXBuildFile; fileRef = 8FF63E0221E479A5003E8589 /* 61.jpg */; };
		8FF63E4E21E479A5003E8589 /* 75.jpg in Resources */ = {isa = PBXBuildFile; fileRef = 8FF63E0321E479A5003E8589 /* 75.jpg */; };
		8FF63E4F21E479A5003E8589 /* 59.jpg in Resources */ = {isa = PBXBuildFile; fileRef = 8FF63E0421E479A5003E8589 /* 59.jpg */; };
		8FF63E5021E479A5003E8589 /* 71.jpg in Resources */ = {isa = PBXBuildFile; fileRef = 8FF63E0521E479A5003E8589 /* 71.jpg */; };
		8FF63E5121E479A5003E8589 /* 65.jpg in Resources */ = {isa = PBXBuildFile; fileRef = 8FF63E0621E479A5003E8589 /* 65.jpg */; };
		8FF63E5221E479A5003E8589 /* 64.jpg in Resources */ = {isa = PBXBuildFile; fileRef = 8FF63E0721E479A5003E8589 /* 64.jpg */; };
		8FF63E5321E479A5003E8589 /* 70.jpg in Resources */ = {isa = PBXBuildFile; fileRef = 8FF63E0821E479A5003E8589 /* 70.jpg */; };
		8FF63E5421E479A5003E8589 /* 58.jpg in Resources */ = {isa = PBXBuildFile; fileRef = 8FF63E0921E479A5003E8589 /* 58.jpg */; };
		8FF63E5521E479A5003E8589 /* 8.jpg in Resources */ = {isa = PBXBuildFile; fileRef = 8FF63E0A21E479A5003E8589 /* 8.jpg */; };
		8FF63E5621E479A5003E8589 /* 66.jpg in Resources */ = {isa = PBXBuildFile; fileRef = 8FF63E0B21E479A5003E8589 /* 66.jpg */; };
		8FF63E5721E479A5003E8589 /* 72.jpg in Resources */ = {isa = PBXBuildFile; fileRef = 8FF63E0C21E479A5003E8589 /* 72.jpg */; };
		8FF63E5821E479A5003E8589 /* 73.jpg in Resources */ = {isa = PBXBuildFile; fileRef = 8FF63E0D21E479A5003E8589 /* 73.jpg */; };
		8FF63E5921E479A5003E8589 /* 67.jpg in Resources */ = {isa = PBXBuildFile; fileRef = 8FF63E0E21E479A5003E8589 /* 67.jpg */; };
		8FF63E5A21E479A5003E8589 /* 9.jpg in Resources */ = {isa = PBXBuildFile; fileRef = 8FF63E0F21E479A5003E8589 /* 9.jpg */; };
		8FF63E5B21E479A5003E8589 /* 14.jpg in Resources */ = {isa = PBXBuildFile; fileRef = 8FF63E1021E479A5003E8589 /* 14.jpg */; };
		8FF63E5C21E479A5003E8589 /* 28.jpg in Resources */ = {isa = PBXBuildFile; fileRef = 8FF63E1121E479A5003E8589 /* 28.jpg */; };
		8FF63E5D21E479A5003E8589 /* 29.jpg in Resources */ = {isa = PBXBuildFile; fileRef = 8FF63E1221E479A5003E8589 /* 29.jpg */; };
		8FF63E5E21E479A5003E8589 /* 15.jpg in Resources */ = {isa = PBXBuildFile; fileRef = 8FF63E1321E479A5003E8589 /* 15.jpg */; };
		8FF63E5F21E479A5003E8589 /* 17.jpg in Resources */ = {isa = PBXBuildFile; fileRef = 8FF63E1421E479A5003E8589 /* 17.jpg */; };
		8FF63E6021E479A5003E8589 /* 16.jpg in Resources */ = {isa = PBXBuildFile; fileRef = 8FF63E1521E479A5003E8589 /* 16.jpg */; };
		8FF63E6121E479A5003E8589 /* 12.jpg in Resources */ = {isa = PBXBuildFile; fileRef = 8FF63E1621E479A5003E8589 /* 12.jpg */; };
		8FF63E6221E479A5003E8589 /* 13.jpg in Resources */ = {isa = PBXBuildFile; fileRef = 8FF63E1721E479A5003E8589 /* 13.jpg */; };
		8FF63E6321E479A5003E8589 /* 39.jpg in Resources */ = {isa = PBXBuildFile; fileRef = 8FF63E1821E479A5003E8589 /* 39.jpg */; };
		8FF63E6421E479A5003E8589 /* 11.jpg in Resources */ = {isa = PBXBuildFile; fileRef = 8FF63E1921E479A5003E8589 /* 11.jpg */; };
		8FF63E6521E479A5003E8589 /* 10.jpg in Resources */ = {isa = PBXBuildFile; fileRef = 8FF63E1A21E479A5003E8589 /* 10.jpg */; };
		8FF63E6621E479A5003E8589 /* 38.jpg in Resources */ = {isa = PBXBuildFile; fileRef = 8FF63E1B21E479A5003E8589 /* 38.jpg */; };
		8FF63E6721E479A5003E8589 /* 21.jpg in Resources */ = {isa = PBXBuildFile; fileRef = 8FF63E1C21E479A5003E8589 /* 21.jpg */; };
		8FF63E6821E479A5003E8589 /* 35.jpg in Resources */ = {isa = PBXBuildFile; fileRef = 8FF63E1D21E479A5003E8589 /* 35.jpg */; };
		8FF63E6921E479A5003E8589 /* 34.jpg in Resources */ = {isa = PBXBuildFile; fileRef = 8FF63E1E21E479A5003E8589 /* 34.jpg */; };
		8FF63E6A21E479A5003E8589 /* 20.jpg in Resources */ = {isa = PBXBuildFile; fileRef = 8FF63E1F21E479A5003E8589 /* 20.jpg */; };
		8FF63E6B21E479A5003E8589 /* 36.jpg in Resources */ = {isa = PBXBuildFile; fileRef = 8FF63E2021E479A5003E8589 /* 36.jpg */; };
		8FF63E6C21E479A5003E8589 /* 22.jpg in Resources */ = {isa = PBXBuildFile; fileRef = 8FF63E2121E479A5003E8589 /* 22.jpg */; };
		8FF63E6D21E479A5003E8589 /* 23.jpg in Resources */ = {isa = PBXBuildFile; fileRef = 8FF63E2221E479A5003E8589 /* 23.jpg */; };
		8FF63E6E21E479A5003E8589 /* 37.jpg in Resources */ = {isa = PBXBuildFile; fileRef = 8FF63E2321E479A5003E8589 /* 37.jpg */; };
		8FF63E6F21E479A5003E8589 /* 33.jpg in Resources */ = {isa = PBXBuildFile; fileRef = 8FF63E2421E479A5003E8589 /* 33.jpg */; };
		8FF63E7021E479A5003E8589 /* 27.jpg in Resources */ = {isa = PBXBuildFile; fileRef = 8FF63E2521E479A5003E8589 /* 27.jpg */; };
		8FF63E7121E479A5003E8589 /* 26.jpg in Resources */ = {isa = PBXBuildFile; fileRef = 8FF63E2621E479A5003E8589 /* 26.jpg */; };
		8FF63E7221E479A5003E8589 /* 32.jpg in Resources */ = {isa = PBXBuildFile; fileRef = 8FF63E2721E479A5003E8589 /* 32.jpg */; };
		8FF63E7321E479A5003E8589 /* 18.jpg in Resources */ = {isa = PBXBuildFile; fileRef = 8FF63E2821E479A5003E8589 /* 18.jpg */; };
		8FF63E7421E479A5003E8589 /* 24.jpg in Resources */ = {isa = PBXBuildFile; fileRef = 8FF63E2921E479A5003E8589 /* 24.jpg */; };
		8FF63E7521E479A5003E8589 /* 30.jpg in Resources */ = {isa = PBXBuildFile; fileRef = 8FF63E2A21E479A5003E8589 /* 30.jpg */; };
		8FF63E7621E479A5003E8589 /* 31.jpg in Resources */ = {isa = PBXBuildFile; fileRef = 8FF63E2B21E479A5003E8589 /* 31.jpg */; };
		8FF63E7721E479A5003E8589 /* 25.jpg in Resources */ = {isa = PBXBuildFile; fileRef = 8FF63E2C21E479A5003E8589 /* 25.jpg */; };
		8FF63E7821E479A5003E8589 /* 19.jpg in Resources */ = {isa = PBXBuildFile; fileRef = 8FF63E2D21E479A5003E8589 /* 19.jpg */; };
		8FF63E7921E479A5003E8589 /* 42.jpg in Resources */ = {isa = PBXBuildFile; fileRef = 8FF63E2E21E479A5003E8589 /* 42.jpg */; };
		8FF63E7A21E479A5003E8589 /* 4.jpg in Resources */ = {isa = PBXBuildFile; fileRef = 8FF63E2F21E479A5003E8589 /* 4.jpg */; };
		8FF63E7B21E479A5003E8589 /* 56.jpg in Resources */ = {isa = PBXBuildFile; fileRef = 8FF63E3021E479A5003E8589 /* 56.jpg */; };
		8FF63E7C21E479A5003E8589 /* 5.jpg in Resources */ = {isa = PBXBuildFile; fileRef = 8FF63E3121E479A5003E8589 /* 5.jpg */; };
		8FF63E7D21E479A5003E8589 /* 57.jpg in Resources */ = {isa = PBXBuildFile; fileRef = 8FF63E3221E479A5003E8589 /* 57.jpg */; };
		8FF63E7E21E479A5003E8589 /* 43.jpg in Resources */ = {isa = PBXBuildFile; fileRef = 8FF63E3321E479A5003E8589 /* 43.jpg */; };
		8FF63E7F21E479A5003E8589 /* 55.jpg in Resources */ = {isa = PBXBuildFile; fileRef = 8FF63E3421E479A5003E8589 /* 55.jpg */; };
		8FF63E8021E479A5003E8589 /* 7.jpg in Resources */ = {isa = PBXBuildFile; fileRef = 8FF63E3521E479A5003E8589 /* 7.jpg */; };
		8FF63E8121E479A5003E8589 /* 41.jpg in Resources */ = {isa = PBXBuildFile; fileRef = 8FF63E3621E479A5003E8589 /* 41.jpg */; };
		8FF63E8221E479A5003E8589 /* 69.jpg in Resources */ = {isa = PBXBuildFile; fileRef = 8FF63E3721E479A5003E8589 /* 69.jpg */; };
		8FF63E8321E479A5003E8589 /* 68.jpg in Resources */ = {isa = PBXBuildFile; fileRef = 8FF63E3821E479A5003E8589 /* 68.jpg */; };
		8FF63E8421E479A5003E8589 /* 40.jpg in Resources */ = {isa = PBXBuildFile; fileRef = 8FF63E3921E479A5003E8589 /* 40.jpg */; };
		8FF63E8521E479A5003E8589 /* 54.jpg in Resources */ = {isa = PBXBuildFile; fileRef = 8FF63E3A21E479A5003E8589 /* 54.jpg */; };
		8FF63E8621E479A5003E8589 /* 6.jpg in Resources */ = {isa = PBXBuildFile; fileRef = 8FF63E3B21E479A5003E8589 /* 6.jpg */; };
		8FF63E8721E479A5003E8589 /* 2.jpg in Resources */ = {isa = PBXBuildFile; fileRef = 8FF63E3C21E479A5003E8589 /* 2.jpg */; };
		8FF63E8821E479A5003E8589 /* 50.jpg in Resources */ = {isa = PBXBuildFile; fileRef = 8FF63E3D21E479A5003E8589 /* 50.jpg */; };
		8FF63E8921E479A5003E8589 /* 44.jpg in Resources */ = {isa = PBXBuildFile; fileRef = 8FF63E3E21E479A5003E8589 /* 44.jpg */; };
		8FF63E8A21E479A5003E8589 /* 45.jpg in Resources */ = {isa = PBXBuildFile; fileRef = 8FF63E3F21E479A5003E8589 /* 45.jpg */; };
		8FF63E8B21E479A5003E8589 /* 3.jpg in Resources */ = {isa = PBXBuildFile; fileRef = 8FF63E4021E479A5003E8589 /* 3.jpg */; };
		8FF63E8C21E479A5003E8589 /* 51.jpg in Resources */ = {isa = PBXBuildFile; fileRef = 8FF63E4121E479A5003E8589 /* 51.jpg */; };
		8FF63E8D21E479A5003E8589 /* 47.jpg in Resources */ = {isa = PBXBuildFile; fileRef = 8FF63E4221E479A5003E8589 /* 47.jpg */; };
		8FF63E8E21E479A5003E8589 /* 53.jpg in Resources */ = {isa = PBXBuildFile; fileRef = 8FF63E4321E479A5003E8589 /* 53.jpg */; };
		8FF63E8F21E479A5003E8589 /* 1.jpg in Resources */ = {isa = PBXBuildFile; fileRef = 8FF63E4421E479A5003E8589 /* 1.jpg */; };
		8FF63E9021E479A5003E8589 /* 52.jpg in Resources */ = {isa = PBXBuildFile; fileRef = 8FF63E4521E479A5003E8589 /* 52.jpg */; };
		8FF63E9121E479A5003E8589 /* 46.jpg in Resources */ = {isa = PBXBuildFile; fileRef = 8FF63E4621E479A5003E8589 /* 46.jpg */; };
		8FF63E9421E479FD003E8589 /* MAThreeTimersVC.m in Sources */ = {isa = PBXBuildFile; fileRef = 8FF63E9321E479FD003E8589 /* MAThreeTimersVC.m */; };
		8FF63E9721E5EB6C003E8589 /* WMAnimationViewController.m in Sources */ = {isa = PBXBuildFile; fileRef = 8FF63E9621E5EB6C003E8589 /* WMAnimationViewController.m */; };
		B14BAA5B2147A0CE00CAAF10 /* AppDelegate.m in Sources */ = {isa = PBXBuildFile; fileRef = B14BAA5A2147A0CE00CAAF10 /* AppDelegate.m */; };
		B14BAA632147A0CF00CAAF10 /* Assets.xcassets in Resources */ = {isa = PBXBuildFile; fileRef = B14BAA622147A0CF00CAAF10 /* Assets.xcassets */; };
		B14BAA692147A0CF00CAAF10 /* main.m in Sources */ = {isa = PBXBuildFile; fileRef = B14BAA682147A0CF00CAAF10 /* main.m */; };
		B14BAA732147A0CF00CAAF10 /* alertViewsTests.m in Sources */ = {isa = PBXBuildFile; fileRef = B14BAA722147A0CF00CAAF10 /* alertViewsTests.m */; };
		B14BAA7E2147A0CF00CAAF10 /* alertViewsUITests.m in Sources */ = {isa = PBXBuildFile; fileRef = B14BAA7D2147A0CF00CAAF10 /* alertViewsUITests.m */; };
		B14BAA8F2147A1F100CAAF10 /* WMPopViewController.m in Sources */ = {isa = PBXBuildFile; fileRef = B14BAA8E2147A1F100CAAF10 /* WMPopViewController.m */; };
		B14BAA922147AA2F00CAAF10 /* WMMainViewController.m in Sources */ = {isa = PBXBuildFile; fileRef = B14BAA912147AA2F00CAAF10 /* WMMainViewController.m */; };
		B14BAA952147B96D00CAAF10 /* WMPop1ViewController.m in Sources */ = {isa = PBXBuildFile; fileRef = B14BAA942147B96D00CAAF10 /* WMPop1ViewController.m */; };
		B14BAA982147BA2600CAAF10 /* WMPop1View.m in Sources */ = {isa = PBXBuildFile; fileRef = B14BAA972147BA2600CAAF10 /* WMPop1View.m */; };
		B150FB4A2148AD23002CC88F /* WMPop2ViewController.m in Sources */ = {isa = PBXBuildFile; fileRef = B150FB492148AD23002CC88F /* WMPop2ViewController.m */; };
/* End PBXBuildFile section */

/* Begin PBXContainerItemProxy section */
		B14BAA6F2147A0CF00CAAF10 /* PBXContainerItemProxy */ = {
			isa = PBXContainerItemProxy;
			containerPortal = B14BAA4E2147A0CD00CAAF10 /* Project object */;
			proxyType = 1;
			remoteGlobalIDString = B14BAA552147A0CD00CAAF10;
			remoteInfo = alertViews;
		};
		B14BAA7A2147A0CF00CAAF10 /* PBXContainerItemProxy */ = {
			isa = PBXContainerItemProxy;
			containerPortal = B14BAA4E2147A0CD00CAAF10 /* Project object */;
			proxyType = 1;
			remoteGlobalIDString = B14BAA552147A0CD00CAAF10;
			remoteInfo = alertViews;
		};
/* End PBXContainerItemProxy section */

/* Begin PBXFileReference section */
		8F0B12EF21D7071D00E3A98F /* WBPopContentView.h */ = {isa = PBXFileReference; lastKnownFileType = sourcecode.c.h; path = WBPopContentView.h; sourceTree = "<group>"; };
		8F0B12F021D7071D00E3A98F /* WBPopContentView.m */ = {isa = PBXFileReference; lastKnownFileType = sourcecode.c.objc; path = WBPopContentView.m; sourceTree = "<group>"; };
		8F75A01E21D323E60076AC43 /* WBPopOverView.h */ = {isa = PBXFileReference; fileEncoding = 4; lastKnownFileType = sourcecode.c.h; path = WBPopOverView.h; sourceTree = "<group>"; };
		8F75A01F21D323E60076AC43 /* WBPopOverView.m */ = {isa = PBXFileReference; fileEncoding = 4; lastKnownFileType = sourcecode.c.objc; path = WBPopOverView.m; sourceTree = "<group>"; };
		8F75A02121D324810076AC43 /* PrefixHeader.pch */ = {isa = PBXFileReference; lastKnownFileType = sourcecode.c.h; path = PrefixHeader.pch; sourceTree = "<group>"; };
		8F75A02421D36E0F0076AC43 /* UIColor+ColorChange.m */ = {isa = PBXFileReference; fileEncoding = 4; lastKnownFileType = sourcecode.c.objc; path = "UIColor+ColorChange.m"; sourceTree = "<group>"; };
		8F75A02521D36E0F0076AC43 /* UIColor+ColorChange.h */ = {isa = PBXFileReference; fileEncoding = 4; lastKnownFileType = sourcecode.c.h; path = "UIColor+ColorChange.h"; sourceTree = "<group>"; };
		8F75A02821D3705C0076AC43 /* MJPropertyKey.h */ = {isa = PBXFileReference; fileEncoding = 4; lastKnownFileType = sourcecode.c.h; path = MJPropertyKey.h; sourceTree = "<group>"; };
		8F75A02921D3705C0076AC43 /* NSObject+MJClass.h */ = {isa = PBXFileReference; fileEncoding = 4; lastKnownFileType = sourcecode.c.h; path = "NSObject+MJClass.h"; sourceTree = "<group>"; };
		8F75A02A21D3705C0076AC43 /* NSString+MJExtension.h */ = {isa = PBXFileReference; fileEncoding = 4; lastKnownFileType = sourcecode.c.h; path = "NSString+MJExtension.h"; sourceTree = "<group>"; };
		8F75A02B21D3705C0076AC43 /* MJPropertyType.m */ = {isa = PBXFileReference; fileEncoding = 4; lastKnownFileType = sourcecode.c.objc; path = MJPropertyType.m; sourceTree = "<group>"; };
		8F75A02C21D3705C0076AC43 /* NSObject+MJProperty.h */ = {isa = PBXFileReference; fileEncoding = 4; lastKnownFileType = sourcecode.c.h; path = "NSObject+MJProperty.h"; sourceTree = "<group>"; };
		8F75A02D21D3705C0076AC43 /* MJExtensionConst.h */ = {isa = PBXFileReference; fileEncoding = 4; lastKnownFileType = sourcecode.c.h; path = MJExtensionConst.h; sourceTree = "<group>"; };
		8F75A02E21D3705C0076AC43 /* NSObject+MJKeyValue.m */ = {isa = PBXFileReference; fileEncoding = 4; lastKnownFileType = sourcecode.c.objc; path = "NSObject+MJKeyValue.m"; sourceTree = "<group>"; };
		8F75A02F21D3705C0076AC43 /* MJProperty.m */ = {isa = PBXFileReference; fileEncoding = 4; lastKnownFileType = sourcecode.c.objc; path = MJProperty.m; sourceTree = "<group>"; };
		8F75A03021D3705C0076AC43 /* MJFoundation.h */ = {isa = PBXFileReference; fileEncoding = 4; lastKnownFileType = sourcecode.c.h; path = MJFoundation.h; sourceTree = "<group>"; };
		8F75A03121D3705C0076AC43 /* NSObject+MJCoding.m */ = {isa = PBXFileReference; fileEncoding = 4; lastKnownFileType = sourcecode.c.objc; path = "NSObject+MJCoding.m"; sourceTree = "<group>"; };
		8F75A03221D3705C0076AC43 /* MJExtension.h */ = {isa = PBXFileReference; fileEncoding = 4; lastKnownFileType = sourcecode.c.h; path = MJExtension.h; sourceTree = "<group>"; };
		8F75A03321D3705C0076AC43 /* MJExtensionConst.m */ = {isa = PBXFileReference; fileEncoding = 4; lastKnownFileType = sourcecode.c.objc; path = MJExtensionConst.m; sourceTree = "<group>"; };
		8F75A03421D3705C0076AC43 /* NSObject+MJProperty.m */ = {isa = PBXFileReference; fileEncoding = 4; lastKnownFileType = sourcecode.c.objc; path = "NSObject+MJProperty.m"; sourceTree = "<group>"; };
		8F75A03521D3705C0076AC43 /* MJPropertyType.h */ = {isa = PBXFileReference; fileEncoding = 4; lastKnownFileType = sourcecode.c.h; path = MJPropertyType.h; sourceTree = "<group>"; };
		8F75A03621D3705C0076AC43 /* NSObject+MJClass.m */ = {isa = PBXFileReference; fileEncoding = 4; lastKnownFileType = sourcecode.c.objc; path = "NSObject+MJClass.m"; sourceTree = "<group>"; };
		8F75A03721D3705C0076AC43 /* NSString+MJExtension.m */ = {isa = PBXFileReference; fileEncoding = 4; lastKnownFileType = sourcecode.c.objc; path = "NSString+MJExtension.m"; sourceTree = "<group>"; };
		8F75A03821D3705C0076AC43 /* MJPropertyKey.m */ = {isa = PBXFileReference; fileEncoding = 4; lastKnownFileType = sourcecode.c.objc; path = MJPropertyKey.m; sourceTree = "<group>"; };
		8F75A03921D3705C0076AC43 /* MJProperty.h */ = {isa = PBXFileReference; fileEncoding = 4; lastKnownFileType = sourcecode.c.h; path = MJProperty.h; sourceTree = "<group>"; };
		8F75A03A21D3705C0076AC43 /* NSObject+MJKeyValue.h */ = {isa = PBXFileReference; fileEncoding = 4; lastKnownFileType = sourcecode.c.h; path = "NSObject+MJKeyValue.h"; sourceTree = "<group>"; };
		8F75A03B21D3705C0076AC43 /* NSObject+MJCoding.h */ = {isa = PBXFileReference; fileEncoding = 4; lastKnownFileType = sourcecode.c.h; path = "NSObject+MJCoding.h"; sourceTree = "<group>"; };
		8F75A03C21D3705C0076AC43 /* Info.plist */ = {isa = PBXFileReference; fileEncoding = 4; lastKnownFileType = text.plist.xml; path = Info.plist; sourceTree = "<group>"; };
		8F75A03D21D3705C0076AC43 /* MJFoundation.m */ = {isa = PBXFileReference; fileEncoding = 4; lastKnownFileType = sourcecode.c.objc; path = MJFoundation.m; sourceTree = "<group>"; };
		8F75A04A21D372840076AC43 /* UIView+extension.h */ = {isa = PBXFileReference; fileEncoding = 4; lastKnownFileType = sourcecode.c.h; path = "UIView+extension.h"; sourceTree = "<group>"; };
		8F75A04B21D372840076AC43 /* UIView+AutoLayout.m */ = {isa = PBXFileReference; fileEncoding = 4; lastKnownFileType = sourcecode.c.objc; path = "UIView+AutoLayout.m"; sourceTree = "<group>"; };
		8F75A04C21D372840076AC43 /* UIView+AutoLayout.h */ = {isa = PBXFileReference; fileEncoding = 4; lastKnownFileType = sourcecode.c.h; path = "UIView+AutoLayout.h"; sourceTree = "<group>"; };
		8F75A04D21D372840076AC43 /* UIView+extension.m */ = {isa = PBXFileReference; fileEncoding = 4; lastKnownFileType = sourcecode.c.objc; path = "UIView+extension.m"; sourceTree = "<group>"; };
		8F8B12E821D5F1FC00C0AB46 /* MDPopOverView.h */ = {isa = PBXFileReference; lastKnownFileType = sourcecode.c.h; path = MDPopOverView.h; sourceTree = "<group>"; };
		8F8B12E921D5F1FC00C0AB46 /* MDPopOverView.m */ = {isa = PBXFileReference; lastKnownFileType = sourcecode.c.objc; path = MDPopOverView.m; sourceTree = "<group>"; };
		8FF63DF221DF4047003E8589 /* MMTimerViewController.h */ = {isa = PBXFileReference; lastKnownFileType = sourcecode.c.h; path = MMTimerViewController.h; sourceTree = "<group>"; };
		8FF63DF321DF4047003E8589 /* MMTimerViewController.m */ = {isa = PBXFileReference; lastKnownFileType = sourcecode.c.objc; path = MMTimerViewController.m; sourceTree = "<group>"; };
		8FF63DF521DF468A003E8589 /* WMTimerTVC.h */ = {isa = PBXFileReference; lastKnownFileType = sourcecode.c.h; path = WMTimerTVC.h; sourceTree = "<group>"; };
		8FF63DF621DF468A003E8589 /* WMTimerTVC.m */ = {isa = PBXFileReference; lastKnownFileType = sourcecode.c.objc; path = WMTimerTVC.m; sourceTree = "<group>"; };
		8FF63DFC21E479A5003E8589 /* 63.jpg */ = {isa = PBXFileReference; lastKnownFileType = image.jpeg; path = 63.jpg; sourceTree = "<group>"; };
		8FF63DFD21E479A5003E8589 /* 62.jpg */ = {isa = PBXFileReference; lastKnownFileType = image.jpeg; path = 62.jpg; sourceTree = "<group>"; };
		8FF63DFE21E479A5003E8589 /* 74.jpg */ = {isa = PBXFileReference; lastKnownFileType = image.jpeg; path = 74.jpg; sourceTree = "<group>"; };
		8FF63DFF21E479A5003E8589 /* 60.jpg */ = {isa = PBXFileReference; lastKnownFileType = image.jpeg; path = 60.jpg; sourceTree = "<group>"; };
		8FF63E0021E479A5003E8589 /* 48.jpg */ = {isa = PBXFileReference; lastKnownFileType = image.jpeg; path = 48.jpg; sourceTree = "<group>"; };
		8FF63E0121E479A5003E8589 /* 49.jpg */ = {isa = PBXFileReference; lastKnownFileType = image.jpeg; path = 49.jpg; sourceTree = "<group>"; };
		8FF63E0221E479A5003E8589 /* 61.jpg */ = {isa = PBXFileReference; lastKnownFileType = image.jpeg; path = 61.jpg; sourceTree = "<group>"; };
		8FF63E0321E479A5003E8589 /* 75.jpg */ = {isa = PBXFileReference; lastKnownFileType = image.jpeg; path = 75.jpg; sourceTree = "<group>"; };
		8FF63E0421E479A5003E8589 /* 59.jpg */ = {isa = PBXFileReference; lastKnownFileType = image.jpeg; path = 59.jpg; sourceTree = "<group>"; };
		8FF63E0521E479A5003E8589 /* 71.jpg */ = {isa = PBXFileReference; lastKnownFileType = image.jpeg; path = 71.jpg; sourceTree = "<group>"; };
		8FF63E0621E479A5003E8589 /* 65.jpg */ = {isa = PBXFileReference; lastKnownFileType = image.jpeg; path = 65.jpg; sourceTree = "<group>"; };
		8FF63E0721E479A5003E8589 /* 64.jpg */ = {isa = PBXFileReference; lastKnownFileType = image.jpeg; path = 64.jpg; sourceTree = "<group>"; };
		8FF63E0821E479A5003E8589 /* 70.jpg */ = {isa = PBXFileReference; lastKnownFileType = image.jpeg; path = 70.jpg; sourceTree = "<group>"; };
		8FF63E0921E479A5003E8589 /* 58.jpg */ = {isa = PBXFileReference; lastKnownFileType = image.jpeg; path = 58.jpg; sourceTree = "<group>"; };
		8FF63E0A21E479A5003E8589 /* 8.jpg */ = {isa = PBXFileReference; lastKnownFileType = image.jpeg; path = 8.jpg; sourceTree = "<group>"; };
		8FF63E0B21E479A5003E8589 /* 66.jpg */ = {isa = PBXFileReference; lastKnownFileType = image.jpeg; path = 66.jpg; sourceTree = "<group>"; };
		8FF63E0C21E479A5003E8589 /* 72.jpg */ = {isa = PBXFileReference; lastKnownFileType = image.jpeg; path = 72.jpg; sourceTree = "<group>"; };
		8FF63E0D21E479A5003E8589 /* 73.jpg */ = {isa = PBXFileReference; lastKnownFileType = image.jpeg; path = 73.jpg; sourceTree = "<group>"; };
		8FF63E0E21E479A5003E8589 /* 67.jpg */ = {isa = PBXFileReference; lastKnownFileType = image.jpeg; path = 67.jpg; sourceTree = "<group>"; };
		8FF63E0F21E479A5003E8589 /* 9.jpg */ = {isa = PBXFileReference; lastKnownFileType = image.jpeg; path = 9.jpg; sourceTree = "<group>"; };
		8FF63E1021E479A5003E8589 /* 14.jpg */ = {isa = PBXFileReference; lastKnownFileType = image.jpeg; path = 14.jpg; sourceTree = "<group>"; };
		8FF63E1121E479A5003E8589 /* 28.jpg */ = {isa = PBXFileReference; lastKnownFileType = image.jpeg; path = 28.jpg; sourceTree = "<group>"; };
		8FF63E1221E479A5003E8589 /* 29.jpg */ = {isa = PBXFileReference; lastKnownFileType = image.jpeg; path = 29.jpg; sourceTree = "<group>"; };
		8FF63E1321E479A5003E8589 /* 15.jpg */ = {isa = PBXFileReference; lastKnownFileType = image.jpeg; path = 15.jpg; sourceTree = "<group>"; };
		8FF63E1421E479A5003E8589 /* 17.jpg */ = {isa = PBXFileReference; lastKnownFileType = image.jpeg; path = 17.jpg; sourceTree = "<group>"; };
		8FF63E1521E479A5003E8589 /* 16.jpg */ = {isa = PBXFileReference; lastKnownFileType = image.jpeg; path = 16.jpg; sourceTree = "<group>"; };
		8FF63E1621E479A5003E8589 /* 12.jpg */ = {isa = PBXFileReference; lastKnownFileType = image.jpeg; path = 12.jpg; sourceTree = "<group>"; };
		8FF63E1721E479A5003E8589 /* 13.jpg */ = {isa = PBXFileReference; lastKnownFileType = image.jpeg; path = 13.jpg; sourceTree = "<group>"; };
		8FF63E1821E479A5003E8589 /* 39.jpg */ = {isa = PBXFileReference; lastKnownFileType = image.jpeg; path = 39.jpg; sourceTree = "<group>"; };
		8FF63E1921E479A5003E8589 /* 11.jpg */ = {isa = PBXFileReference; lastKnownFileType = image.jpeg; path = 11.jpg; sourceTree = "<group>"; };
		8FF63E1A21E479A5003E8589 /* 10.jpg */ = {isa = PBXFileReference; lastKnownFileType = image.jpeg; path = 10.jpg; sourceTree = "<group>"; };
		8FF63E1B21E479A5003E8589 /* 38.jpg */ = {isa = PBXFileReference; lastKnownFileType = image.jpeg; path = 38.jpg; sourceTree = "<group>"; };
		8FF63E1C21E479A5003E8589 /* 21.jpg */ = {isa = PBXFileReference; lastKnownFileType = image.jpeg; path = 21.jpg; sourceTree = "<group>"; };
		8FF63E1D21E479A5003E8589 /* 35.jpg */ = {isa = PBXFileReference; lastKnownFileType = image.jpeg; path = 35.jpg; sourceTree = "<group>"; };
		8FF63E1E21E479A5003E8589 /* 34.jpg */ = {isa = PBXFileReference; lastKnownFileType = image.jpeg; path = 34.jpg; sourceTree = "<group>"; };
		8FF63E1F21E479A5003E8589 /* 20.jpg */ = {isa = PBXFileReference; lastKnownFileType = image.jpeg; path = 20.jpg; sourceTree = "<group>"; };
		8FF63E2021E479A5003E8589 /* 36.jpg */ = {isa = PBXFileReference; lastKnownFileType = image.jpeg; path = 36.jpg; sourceTree = "<group>"; };
		8FF63E2121E479A5003E8589 /* 22.jpg */ = {isa = PBXFileReference; lastKnownFileType = image.jpeg; path = 22.jpg; sourceTree = "<group>"; };
		8FF63E2221E479A5003E8589 /* 23.jpg */ = {isa = PBXFileReference; lastKnownFileType = image.jpeg; path = 23.jpg; sourceTree = "<group>"; };
		8FF63E2321E479A5003E8589 /* 37.jpg */ = {isa = PBXFileReference; lastKnownFileType = image.jpeg; path = 37.jpg; sourceTree = "<group>"; };
		8FF63E2421E479A5003E8589 /* 33.jpg */ = {isa = PBXFileReference; lastKnownFileType = image.jpeg; path = 33.jpg; sourceTree = "<group>"; };
		8FF63E2521E479A5003E8589 /* 27.jpg */ = {isa = PBXFileReference; lastKnownFileType = image.jpeg; path = 27.jpg; sourceTree = "<group>"; };
		8FF63E2621E479A5003E8589 /* 26.jpg */ = {isa = PBXFileReference; lastKnownFileType = image.jpeg; path = 26.jpg; sourceTree = "<group>"; };
		8FF63E2721E479A5003E8589 /* 32.jpg */ = {isa = PBXFileReference; lastKnownFileType = image.jpeg; path = 32.jpg; sourceTree = "<group>"; };
		8FF63E2821E479A5003E8589 /* 18.jpg */ = {isa = PBXFileReference; lastKnownFileType = image.jpeg; path = 18.jpg; sourceTree = "<group>"; };
		8FF63E2921E479A5003E8589 /* 24.jpg */ = {isa = PBXFileReference; lastKnownFileType = image.jpeg; path = 24.jpg; sourceTree = "<group>"; };
		8FF63E2A21E479A5003E8589 /* 30.jpg */ = {isa = PBXFileReference; lastKnownFileType = image.jpeg; path = 30.jpg; sourceTree = "<group>"; };
		8FF63E2B21E479A5003E8589 /* 31.jpg */ = {isa = PBXFileReference; lastKnownFileType = image.jpeg; path = 31.jpg; sourceTree = "<group>"; };
		8FF63E2C21E479A5003E8589 /* 25.jpg */ = {isa = PBXFileReference; lastKnownFileType = image.jpeg; path = 25.jpg; sourceTree = "<group>"; };
		8FF63E2D21E479A5003E8589 /* 19.jpg */ = {isa = PBXFileReference; lastKnownFileType = image.jpeg; path = 19.jpg; sourceTree = "<group>"; };
		8FF63E2E21E479A5003E8589 /* 42.jpg */ = {isa = PBXFileReference; lastKnownFileType = image.jpeg; path = 42.jpg; sourceTree = "<group>"; };
		8FF63E2F21E479A5003E8589 /* 4.jpg */ = {isa = PBXFileReference; lastKnownFileType = image.jpeg; path = 4.jpg; sourceTree = "<group>"; };
		8FF63E3021E479A5003E8589 /* 56.jpg */ = {isa = PBXFileReference; lastKnownFileType = image.jpeg; path = 56.jpg; sourceTree = "<group>"; };
		8FF63E3121E479A5003E8589 /* 5.jpg */ = {isa = PBXFileReference; lastKnownFileType = image.jpeg; path = 5.jpg; sourceTree = "<group>"; };
		8FF63E3221E479A5003E8589 /* 57.jpg */ = {isa = PBXFileReference; lastKnownFileType = image.jpeg; path = 57.jpg; sourceTree = "<group>"; };
		8FF63E3321E479A5003E8589 /* 43.jpg */ = {isa = PBXFileReference; lastKnownFileType = image.jpeg; path = 43.jpg; sourceTree = "<group>"; };
		8FF63E3421E479A5003E8589 /* 55.jpg */ = {isa = PBXFileReference; lastKnownFileType = image.jpeg; path = 55.jpg; sourceTree = "<group>"; };
		8FF63E3521E479A5003E8589 /* 7.jpg */ = {isa = PBXFileReference; lastKnownFileType = image.jpeg; path = 7.jpg; sourceTree = "<group>"; };
		8FF63E3621E479A5003E8589 /* 41.jpg */ = {isa = PBXFileReference; lastKnownFileType = image.jpeg; path = 41.jpg; sourceTree = "<group>"; };
		8FF63E3721E479A5003E8589 /* 69.jpg */ = {isa = PBXFileReference; lastKnownFileType = image.jpeg; path = 69.jpg; sourceTree = "<group>"; };
		8FF63E3821E479A5003E8589 /* 68.jpg */ = {isa = PBXFileReference; lastKnownFileType = image.jpeg; path = 68.jpg; sourceTree = "<group>"; };
		8FF63E3921E479A5003E8589 /* 40.jpg */ = {isa = PBXFileReference; lastKnownFileType = image.jpeg; path = 40.jpg; sourceTree = "<group>"; };
		8FF63E3A21E479A5003E8589 /* 54.jpg */ = {isa = PBXFileReference; lastKnownFileType = image.jpeg; path = 54.jpg; sourceTree = "<group>"; };
		8FF63E3B21E479A5003E8589 /* 6.jpg */ = {isa = PBXFileReference; lastKnownFileType = image.jpeg; path = 6.jpg; sourceTree = "<group>"; };
		8FF63E3C21E479A5003E8589 /* 2.jpg */ = {isa = PBXFileReference; lastKnownFileType = image.jpeg; path = 2.jpg; sourceTree = "<group>"; };
		8FF63E3D21E479A5003E8589 /* 50.jpg */ = {isa = PBXFileReference; lastKnownFileType = image.jpeg; path = 50.jpg; sourceTree = "<group>"; };
		8FF63E3E21E479A5003E8589 /* 44.jpg */ = {isa = PBXFileReference; lastKnownFileType = image.jpeg; path = 44.jpg; sourceTree = "<group>"; };
		8FF63E3F21E479A5003E8589 /* 45.jpg */ = {isa = PBXFileReference; lastKnownFileType = image.jpeg; path = 45.jpg; sourceTree = "<group>"; };
		8FF63E4021E479A5003E8589 /* 3.jpg */ = {isa = PBXFileReference; lastKnownFileType = image.jpeg; path = 3.jpg; sourceTree = "<group>"; };
		8FF63E4121E479A5003E8589 /* 51.jpg */ = {isa = PBXFileReference; lastKnownFileType = image.jpeg; path = 51.jpg; sourceTree = "<group>"; };
		8FF63E4221E479A5003E8589 /* 47.jpg */ = {isa = PBXFileReference; lastKnownFileType = image.jpeg; path = 47.jpg; sourceTree = "<group>"; };
		8FF63E4321E479A5003E8589 /* 53.jpg */ = {isa = PBXFileReference; lastKnownFileType = image.jpeg; path = 53.jpg; sourceTree = "<group>"; };
		8FF63E4421E479A5003E8589 /* 1.jpg */ = {isa = PBXFileReference; lastKnownFileType = image.jpeg; path = 1.jpg; sourceTree = "<group>"; };
		8FF63E4521E479A5003E8589 /* 52.jpg */ = {isa = PBXFileReference; lastKnownFileType = image.jpeg; path = 52.jpg; sourceTree = "<group>"; };
		8FF63E4621E479A5003E8589 /* 46.jpg */ = {isa = PBXFileReference; lastKnownFileType = image.jpeg; path = 46.jpg; sourceTree = "<group>"; };
		8FF63E9221E479FD003E8589 /* MAThreeTimersVC.h */ = {isa = PBXFileReference; lastKnownFileType = sourcecode.c.h; path = MAThreeTimersVC.h; sourceTree = "<group>"; };
		8FF63E9321E479FD003E8589 /* MAThreeTimersVC.m */ = {isa = PBXFileReference; lastKnownFileType = sourcecode.c.objc; path = MAThreeTimersVC.m; sourceTree = "<group>"; };
		8FF63E9521E5EB6C003E8589 /* WMAnimationViewController.h */ = {isa = PBXFileReference; lastKnownFileType = sourcecode.c.h; path = WMAnimationViewController.h; sourceTree = "<group>"; };
		8FF63E9621E5EB6C003E8589 /* WMAnimationViewController.m */ = {isa = PBXFileReference; lastKnownFileType = sourcecode.c.objc; path = WMAnimationViewController.m; sourceTree = "<group>"; };
		B14BAA562147A0CD00CAAF10 /* alertViews.app */ = {isa = PBXFileReference; explicitFileType = wrapper.application; includeInIndex = 0; path = alertViews.app; sourceTree = BUILT_PRODUCTS_DIR; };
		B14BAA592147A0CD00CAAF10 /* AppDelegate.h */ = {isa = PBXFileReference; lastKnownFileType = sourcecode.c.h; path = AppDelegate.h; sourceTree = "<group>"; };
		B14BAA5A2147A0CE00CAAF10 /* AppDelegate.m */ = {isa = PBXFileReference; lastKnownFileType = sourcecode.c.objc; path = AppDelegate.m; sourceTree = "<group>"; };
		B14BAA622147A0CF00CAAF10 /* Assets.xcassets */ = {isa = PBXFileReference; lastKnownFileType = folder.assetcatalog; path = Assets.xcassets; sourceTree = "<group>"; };
		B14BAA672147A0CF00CAAF10 /* Info.plist */ = {isa = PBXFileReference; lastKnownFileType = text.plist.xml; path = Info.plist; sourceTree = "<group>"; };
		B14BAA682147A0CF00CAAF10 /* main.m */ = {isa = PBXFileReference; lastKnownFileType = sourcecode.c.objc; path = main.m; sourceTree = "<group>"; };
		B14BAA6E2147A0CF00CAAF10 /* alertViewsTests.xctest */ = {isa = PBXFileReference; explicitFileType = wrapper.cfbundle; includeInIndex = 0; path = alertViewsTests.xctest; sourceTree = BUILT_PRODUCTS_DIR; };
		B14BAA722147A0CF00CAAF10 /* alertViewsTests.m */ = {isa = PBXFileReference; lastKnownFileType = sourcecode.c.objc; path = alertViewsTests.m; sourceTree = "<group>"; };
		B14BAA742147A0CF00CAAF10 /* Info.plist */ = {isa = PBXFileReference; lastKnownFileType = text.plist.xml; path = Info.plist; sourceTree = "<group>"; };
		B14BAA792147A0CF00CAAF10 /* alertViewsUITests.xctest */ = {isa = PBXFileReference; explicitFileType = wrapper.cfbundle; includeInIndex = 0; path = alertViewsUITests.xctest; sourceTree = BUILT_PRODUCTS_DIR; };
		B14BAA7D2147A0CF00CAAF10 /* alertViewsUITests.m */ = {isa = PBXFileReference; lastKnownFileType = sourcecode.c.objc; path = alertViewsUITests.m; sourceTree = "<group>"; };
		B14BAA7F2147A0CF00CAAF10 /* Info.plist */ = {isa = PBXFileReference; lastKnownFileType = text.plist.xml; path = Info.plist; sourceTree = "<group>"; };
		B14BAA8D2147A1F100CAAF10 /* WMPopViewController.h */ = {isa = PBXFileReference; lastKnownFileType = sourcecode.c.h; path = WMPopViewController.h; sourceTree = "<group>"; };
		B14BAA8E2147A1F100CAAF10 /* WMPopViewController.m */ = {isa = PBXFileReference; lastKnownFileType = sourcecode.c.objc; path = WMPopViewController.m; sourceTree = "<group>"; };
		B14BAA902147AA2F00CAAF10 /* WMMainViewController.h */ = {isa = PBXFileReference; lastKnownFileType = sourcecode.c.h; path = WMMainViewController.h; sourceTree = "<group>"; };
		B14BAA912147AA2F00CAAF10 /* WMMainViewController.m */ = {isa = PBXFileReference; lastKnownFileType = sourcecode.c.objc; path = WMMainViewController.m; sourceTree = "<group>"; };
		B14BAA932147B96D00CAAF10 /* WMPop1ViewController.h */ = {isa = PBXFileReference; lastKnownFileType = sourcecode.c.h; path = WMPop1ViewController.h; sourceTree = "<group>"; };
		B14BAA942147B96D00CAAF10 /* WMPop1ViewController.m */ = {isa = PBXFileReference; lastKnownFileType = sourcecode.c.objc; path = WMPop1ViewController.m; sourceTree = "<group>"; };
		B14BAA962147BA2600CAAF10 /* WMPop1View.h */ = {isa = PBXFileReference; lastKnownFileType = sourcecode.c.h; path = WMPop1View.h; sourceTree = "<group>"; };
		B14BAA972147BA2600CAAF10 /* WMPop1View.m */ = {isa = PBXFileReference; lastKnownFileType = sourcecode.c.objc; path = WMPop1View.m; sourceTree = "<group>"; };
		B150FB482148AD23002CC88F /* WMPop2ViewController.h */ = {isa = PBXFileReference; lastKnownFileType = sourcecode.c.h; path = WMPop2ViewController.h; sourceTree = "<group>"; };
		B150FB492148AD23002CC88F /* WMPop2ViewController.m */ = {isa = PBXFileReference; lastKnownFileType = sourcecode.c.objc; path = WMPop2ViewController.m; sourceTree = "<group>"; };
/* End PBXFileReference section */

/* Begin PBXFrameworksBuildPhase section */
		B14BAA532147A0CD00CAAF10 /* Frameworks */ = {
			isa = PBXFrameworksBuildPhase;
			buildActionMask = 2147483647;
			files = (
			);
			runOnlyForDeploymentPostprocessing = 0;
		};
		B14BAA6B2147A0CF00CAAF10 /* Frameworks */ = {
			isa = PBXFrameworksBuildPhase;
			buildActionMask = 2147483647;
			files = (
			);
			runOnlyForDeploymentPostprocessing = 0;
		};
		B14BAA762147A0CF00CAAF10 /* Frameworks */ = {
			isa = PBXFrameworksBuildPhase;
			buildActionMask = 2147483647;
			files = (
			);
			runOnlyForDeploymentPostprocessing = 0;
		};
/* End PBXFrameworksBuildPhase section */

/* Begin PBXGroup section */
		8F75A01D21D323E60076AC43 /* WBPopOverView */ = {
			isa = PBXGroup;
			children = (
				8F75A01E21D323E60076AC43 /* WBPopOverView.h */,
				8F75A01F21D323E60076AC43 /* WBPopOverView.m */,
				8F0B12EF21D7071D00E3A98F /* WBPopContentView.h */,
				8F0B12F021D7071D00E3A98F /* WBPopContentView.m */,
				8FF63DF521DF468A003E8589 /* WMTimerTVC.h */,
				8FF63DF621DF468A003E8589 /* WMTimerTVC.m */,
			);
			path = WBPopOverView;
			sourceTree = "<group>";
		};
		8F75A02221D36E0F0076AC43 /* tools */ = {
			isa = PBXGroup;
			children = (
				8F75A04921D372840076AC43 /* UIView */,
				8F75A02721D3705C0076AC43 /* MJExtension */,
				8F75A02321D36E0F0076AC43 /* UIColor */,
			);
			path = tools;
			sourceTree = "<group>";
		};
		8F75A02321D36E0F0076AC43 /* UIColor */ = {
			isa = PBXGroup;
			children = (
				8F75A02421D36E0F0076AC43 /* UIColor+ColorChange.m */,
				8F75A02521D36E0F0076AC43 /* UIColor+ColorChange.h */,
			);
			path = UIColor;
			sourceTree = "<group>";
		};
		8F75A02721D3705C0076AC43 /* MJExtension */ = {
			isa = PBXGroup;
			children = (
				8F75A02821D3705C0076AC43 /* MJPropertyKey.h */,
				8F75A02921D3705C0076AC43 /* NSObject+MJClass.h */,
				8F75A02A21D3705C0076AC43 /* NSString+MJExtension.h */,
				8F75A02B21D3705C0076AC43 /* MJPropertyType.m */,
				8F75A02C21D3705C0076AC43 /* NSObject+MJProperty.h */,
				8F75A02D21D3705C0076AC43 /* MJExtensionConst.h */,
				8F75A02E21D3705C0076AC43 /* NSObject+MJKeyValue.m */,
				8F75A02F21D3705C0076AC43 /* MJProperty.m */,
				8F75A03021D3705C0076AC43 /* MJFoundation.h */,
				8F75A03121D3705C0076AC43 /* NSObject+MJCoding.m */,
				8F75A03221D3705C0076AC43 /* MJExtension.h */,
				8F75A03321D3705C0076AC43 /* MJExtensionConst.m */,
				8F75A03421D3705C0076AC43 /* NSObject+MJProperty.m */,
				8F75A03521D3705C0076AC43 /* MJPropertyType.h */,
				8F75A03621D3705C0076AC43 /* NSObject+MJClass.m */,
				8F75A03721D3705C0076AC43 /* NSString+MJExtension.m */,
				8F75A03821D3705C0076AC43 /* MJPropertyKey.m */,
				8F75A03921D3705C0076AC43 /* MJProperty.h */,
				8F75A03A21D3705C0076AC43 /* NSObject+MJKeyValue.h */,
				8F75A03B21D3705C0076AC43 /* NSObject+MJCoding.h */,
				8F75A03C21D3705C0076AC43 /* Info.plist */,
				8F75A03D21D3705C0076AC43 /* MJFoundation.m */,
			);
			path = MJExtension;
			sourceTree = "<group>";
		};
		8F75A04921D372840076AC43 /* UIView */ = {
			isa = PBXGroup;
			children = (
				8F75A04C21D372840076AC43 /* UIView+AutoLayout.h */,
				8F75A04B21D372840076AC43 /* UIView+AutoLayout.m */,
				8F75A04A21D372840076AC43 /* UIView+extension.h */,
				8F75A04D21D372840076AC43 /* UIView+extension.m */,
			);
			path = UIView;
			sourceTree = "<group>";
		};
		8F8B12E721D5F1DE00C0AB46 /* MDPopOverView */ = {
			isa = PBXGroup;
			children = (
				8F8B12E821D5F1FC00C0AB46 /* MDPopOverView.h */,
				8F8B12E921D5F1FC00C0AB46 /* MDPopOverView.m */,
			);
			path = MDPopOverView;
			sourceTree = "<group>";
		};
		8FF63DFB21E479A5003E8589 /* 1_gif */ = {
			isa = PBXGroup;
			children = (
				8FF63DFC21E479A5003E8589 /* 63.jpg */,
				8FF63DFD21E479A5003E8589 /* 62.jpg */,
				8FF63DFE21E479A5003E8589 /* 74.jpg */,
				8FF63DFF21E479A5003E8589 /* 60.jpg */,
				8FF63E0021E479A5003E8589 /* 48.jpg */,
				8FF63E0121E479A5003E8589 /* 49.jpg */,
				8FF63E0221E479A5003E8589 /* 61.jpg */,
				8FF63E0321E479A5003E8589 /* 75.jpg */,
				8FF63E0421E479A5003E8589 /* 59.jpg */,
				8FF63E0521E479A5003E8589 /* 71.jpg */,
				8FF63E0621E479A5003E8589 /* 65.jpg */,
				8FF63E0721E479A5003E8589 /* 64.jpg */,
				8FF63E0821E479A5003E8589 /* 70.jpg */,
				8FF63E0921E479A5003E8589 /* 58.jpg */,
				8FF63E0A21E479A5003E8589 /* 8.jpg */,
				8FF63E0B21E479A5003E8589 /* 66.jpg */,
				8FF63E0C21E479A5003E8589 /* 72.jpg */,
				8FF63E0D21E479A5003E8589 /* 73.jpg */,
				8FF63E0E21E479A5003E8589 /* 67.jpg */,
				8FF63E0F21E479A5003E8589 /* 9.jpg */,
				8FF63E1021E479A5003E8589 /* 14.jpg */,
				8FF63E1121E479A5003E8589 /* 28.jpg */,
				8FF63E1221E479A5003E8589 /* 29.jpg */,
				8FF63E1321E479A5003E8589 /* 15.jpg */,
				8FF63E1421E479A5003E8589 /* 17.jpg */,
				8FF63E1521E479A5003E8589 /* 16.jpg */,
				8FF63E1621E479A5003E8589 /* 12.jpg */,
				8FF63E1721E479A5003E8589 /* 13.jpg */,
				8FF63E1821E479A5003E8589 /* 39.jpg */,
				8FF63E1921E479A5003E8589 /* 11.jpg */,
				8FF63E1A21E479A5003E8589 /* 10.jpg */,
				8FF63E1B21E479A5003E8589 /* 38.jpg */,
				8FF63E1C21E479A5003E8589 /* 21.jpg */,
				8FF63E1D21E479A5003E8589 /* 35.jpg */,
				8FF63E1E21E479A5003E8589 /* 34.jpg */,
				8FF63E1F21E479A5003E8589 /* 20.jpg */,
				8FF63E2021E479A5003E8589 /* 36.jpg */,
				8FF63E2121E479A5003E8589 /* 22.jpg */,
				8FF63E2221E479A5003E8589 /* 23.jpg */,
				8FF63E2321E479A5003E8589 /* 37.jpg */,
				8FF63E2421E479A5003E8589 /* 33.jpg */,
				8FF63E2521E479A5003E8589 /* 27.jpg */,
				8FF63E2621E479A5003E8589 /* 26.jpg */,
				8FF63E2721E479A5003E8589 /* 32.jpg */,
				8FF63E2821E479A5003E8589 /* 18.jpg */,
				8FF63E2921E479A5003E8589 /* 24.jpg */,
				8FF63E2A21E479A5003E8589 /* 30.jpg */,
				8FF63E2B21E479A5003E8589 /* 31.jpg */,
				8FF63E2C21E479A5003E8589 /* 25.jpg */,
				8FF63E2D21E479A5003E8589 /* 19.jpg */,
				8FF63E2E21E479A5003E8589 /* 42.jpg */,
				8FF63E2F21E479A5003E8589 /* 4.jpg */,
				8FF63E3021E479A5003E8589 /* 56.jpg */,
				8FF63E3121E479A5003E8589 /* 5.jpg */,
				8FF63E3221E479A5003E8589 /* 57.jpg */,
				8FF63E3321E479A5003E8589 /* 43.jpg */,
				8FF63E3421E479A5003E8589 /* 55.jpg */,
				8FF63E3521E479A5003E8589 /* 7.jpg */,
				8FF63E3621E479A5003E8589 /* 41.jpg */,
				8FF63E3721E479A5003E8589 /* 69.jpg */,
				8FF63E3821E479A5003E8589 /* 68.jpg */,
				8FF63E3921E479A5003E8589 /* 40.jpg */,
				8FF63E3A21E479A5003E8589 /* 54.jpg */,
				8FF63E3B21E479A5003E8589 /* 6.jpg */,
				8FF63E3C21E479A5003E8589 /* 2.jpg */,
				8FF63E3D21E479A5003E8589 /* 50.jpg */,
				8FF63E3E21E479A5003E8589 /* 44.jpg */,
				8FF63E3F21E479A5003E8589 /* 45.jpg */,
				8FF63E4021E479A5003E8589 /* 3.jpg */,
				8FF63E4121E479A5003E8589 /* 51.jpg */,
				8FF63E4221E479A5003E8589 /* 47.jpg */,
				8FF63E4321E479A5003E8589 /* 53.jpg */,
				8FF63E4421E479A5003E8589 /* 1.jpg */,
				8FF63E4521E479A5003E8589 /* 52.jpg */,
				8FF63E4621E479A5003E8589 /* 46.jpg */,
			);
			path = 1_gif;
			sourceTree = "<group>";
		};
		B14BAA4D2147A0CD00CAAF10 = {
			isa = PBXGroup;
			children = (
				B14BAA582147A0CD00CAAF10 /* alertViews */,
				B14BAA712147A0CF00CAAF10 /* alertViewsTests */,
				B14BAA7C2147A0CF00CAAF10 /* alertViewsUITests */,
				B14BAA572147A0CD00CAAF10 /* Products */,
			);
			sourceTree = "<group>";
		};
		B14BAA572147A0CD00CAAF10 /* Products */ = {
			isa = PBXGroup;
			children = (
				B14BAA562147A0CD00CAAF10 /* alertViews.app */,
				B14BAA6E2147A0CF00CAAF10 /* alertViewsTests.xctest */,
				B14BAA792147A0CF00CAAF10 /* alertViewsUITests.xctest */,
			);
			name = Products;
			sourceTree = "<group>";
		};
		B14BAA582147A0CD00CAAF10 /* alertViews */ = {
			isa = PBXGroup;
			children = (
				8FF63DFB21E479A5003E8589 /* 1_gif */,
				8F75A02221D36E0F0076AC43 /* tools */,
				B14BAA8C2147A14300CAAF10 /* viewControllers */,
				B14BAA8B2147A14200CAAF10 /* views */,
				B14BAA592147A0CD00CAAF10 /* AppDelegate.h */,
				B14BAA5A2147A0CE00CAAF10 /* AppDelegate.m */,
				B14BAA622147A0CF00CAAF10 /* Assets.xcassets */,
				B14BAA672147A0CF00CAAF10 /* Info.plist */,
				B14BAA682147A0CF00CAAF10 /* main.m */,
				8F75A02121D324810076AC43 /* PrefixHeader.pch */,
			);
			path = alertViews;
			sourceTree = "<group>";
		};
		B14BAA712147A0CF00CAAF10 /* alertViewsTests */ = {
			isa = PBXGroup;
			children = (
				B14BAA722147A0CF00CAAF10 /* alertViewsTests.m */,
				B14BAA742147A0CF00CAAF10 /* Info.plist */,
			);
			path = alertViewsTests;
			sourceTree = "<group>";
		};
		B14BAA7C2147A0CF00CAAF10 /* alertViewsUITests */ = {
			isa = PBXGroup;
			children = (
				B14BAA7D2147A0CF00CAAF10 /* alertViewsUITests.m */,
				B14BAA7F2147A0CF00CAAF10 /* Info.plist */,
			);
			path = alertViewsUITests;
			sourceTree = "<group>";
		};
		B14BAA8B2147A14200CAAF10 /* views */ = {
			isa = PBXGroup;
			children = (
				8F8B12E721D5F1DE00C0AB46 /* MDPopOverView */,
				8F75A01D21D323E60076AC43 /* WBPopOverView */,
				B14BAA962147BA2600CAAF10 /* WMPop1View.h */,
				B14BAA972147BA2600CAAF10 /* WMPop1View.m */,
			);
			path = views;
			sourceTree = "<group>";
		};
		B14BAA8C2147A14300CAAF10 /* viewControllers */ = {
			isa = PBXGroup;
			children = (
				B14BAA8D2147A1F100CAAF10 /* WMPopViewController.h */,
				B14BAA8E2147A1F100CAAF10 /* WMPopViewController.m */,
				B14BAA902147AA2F00CAAF10 /* WMMainViewController.h */,
				B14BAA912147AA2F00CAAF10 /* WMMainViewController.m */,
				B14BAA932147B96D00CAAF10 /* WMPop1ViewController.h */,
				B14BAA942147B96D00CAAF10 /* WMPop1ViewController.m */,
				B150FB482148AD23002CC88F /* WMPop2ViewController.h */,
				B150FB492148AD23002CC88F /* WMPop2ViewController.m */,
				8FF63E9221E479FD003E8589 /* MAThreeTimersVC.h */,
				8FF63E9321E479FD003E8589 /* MAThreeTimersVC.m */,
				8FF63DF221DF4047003E8589 /* MMTimerViewController.h */,
				8FF63DF321DF4047003E8589 /* MMTimerViewController.m */,
				8FF63E9521E5EB6C003E8589 /* WMAnimationViewController.h */,
				8FF63E9621E5EB6C003E8589 /* WMAnimationViewController.m */,
			);
			path = viewControllers;
			sourceTree = "<group>";
		};
/* End PBXGroup section */

/* Begin PBXNativeTarget section */
		B14BAA552147A0CD00CAAF10 /* alertViews */ = {
			isa = PBXNativeTarget;
			buildConfigurationList = B14BAA822147A0CF00CAAF10 /* Build configuration list for PBXNativeTarget "alertViews" */;
			buildPhases = (
				B14BAA522147A0CD00CAAF10 /* Sources */,
				B14BAA532147A0CD00CAAF10 /* Frameworks */,
				B14BAA542147A0CD00CAAF10 /* Resources */,
			);
			buildRules = (
			);
			dependencies = (
			);
			name = alertViews;
			productName = alertViews;
			productReference = B14BAA562147A0CD00CAAF10 /* alertViews.app */;
			productType = "com.apple.product-type.application";
		};
		B14BAA6D2147A0CF00CAAF10 /* alertViewsTests */ = {
			isa = PBXNativeTarget;
			buildConfigurationList = B14BAA852147A0CF00CAAF10 /* Build configuration list for PBXNativeTarget "alertViewsTests" */;
			buildPhases = (
				B14BAA6A2147A0CF00CAAF10 /* Sources */,
				B14BAA6B2147A0CF00CAAF10 /* Frameworks */,
				B14BAA6C2147A0CF00CAAF10 /* Resources */,
			);
			buildRules = (
			);
			dependencies = (
				B14BAA702147A0CF00CAAF10 /* PBXTargetDependency */,
			);
			name = alertViewsTests;
			productName = alertViewsTests;
			productReference = B14BAA6E2147A0CF00CAAF10 /* alertViewsTests.xctest */;
			productType = "com.apple.product-type.bundle.unit-test";
		};
		B14BAA782147A0CF00CAAF10 /* alertViewsUITests */ = {
			isa = PBXNativeTarget;
			buildConfigurationList = B14BAA882147A0CF00CAAF10 /* Build configuration list for PBXNativeTarget "alertViewsUITests" */;
			buildPhases = (
				B14BAA752147A0CF00CAAF10 /* Sources */,
				B14BAA762147A0CF00CAAF10 /* Frameworks */,
				B14BAA772147A0CF00CAAF10 /* Resources */,
			);
			buildRules = (
			);
			dependencies = (
				B14BAA7B2147A0CF00CAAF10 /* PBXTargetDependency */,
			);
			name = alertViewsUITests;
			productName = alertViewsUITests;
			productReference = B14BAA792147A0CF00CAAF10 /* alertViewsUITests.xctest */;
			productType = "com.apple.product-type.bundle.ui-testing";
		};
/* End PBXNativeTarget section */

/* Begin PBXProject section */
		B14BAA4E2147A0CD00CAAF10 /* Project object */ = {
			isa = PBXProject;
			attributes = {
				LastUpgradeCheck = 0930;
				ORGANIZATIONNAME = 55556;
				TargetAttributes = {
					B14BAA552147A0CD00CAAF10 = {
						CreatedOnToolsVersion = 9.3;
					};
					B14BAA6D2147A0CF00CAAF10 = {
						CreatedOnToolsVersion = 9.3;
						TestTargetID = B14BAA552147A0CD00CAAF10;
					};
					B14BAA782147A0CF00CAAF10 = {
						CreatedOnToolsVersion = 9.3;
						TestTargetID = B14BAA552147A0CD00CAAF10;
					};
				};
			};
			buildConfigurationList = B14BAA512147A0CD00CAAF10 /* Build configuration list for PBXProject "alertViews" */;
			compatibilityVersion = "Xcode 9.3";
			developmentRegion = en;
			hasScannedForEncodings = 0;
			knownRegions = (
				en,
				Base,
			);
			mainGroup = B14BAA4D2147A0CD00CAAF10;
			productRefGroup = B14BAA572147A0CD00CAAF10 /* Products */;
			projectDirPath = "";
			projectRoot = "";
			targets = (
				B14BAA552147A0CD00CAAF10 /* alertViews */,
				B14BAA6D2147A0CF00CAAF10 /* alertViewsTests */,
				B14BAA782147A0CF00CAAF10 /* alertViewsUITests */,
			);
		};
/* End PBXProject section */

/* Begin PBXResourcesBuildPhase section */
		B14BAA542147A0CD00CAAF10 /* Resources */ = {
			isa = PBXResourcesBuildPhase;
			buildActionMask = 2147483647;
			files = (
				8FF63E8621E479A5003E8589 /* 6.jpg in Resources */,
				8FF63E8521E479A5003E8589 /* 54.jpg in Resources */,
				8FF63E7721E479A5003E8589 /* 25.jpg in Resources */,
				8FF63E6D21E479A5003E8589 /* 23.jpg in Resources */,
				8FF63E6B21E479A5003E8589 /* 36.jpg in Resources */,
				8FF63E7F21E479A5003E8589 /* 55.jpg in Resources */,
				8FF63E8221E479A5003E8589 /* 69.jpg in Resources */,
				8FF63E6F21E479A5003E8589 /* 33.jpg in Resources */,
				8FF63E5121E479A5003E8589 /* 65.jpg in Resources */,
				8FF63E8321E479A5003E8589 /* 68.jpg in Resources */,
				8FF63E7321E479A5003E8589 /* 18.jpg in Resources */,
				8FF63E7A21E479A5003E8589 /* 4.jpg in Resources */,
				8FF63E4921E479A5003E8589 /* 74.jpg in Resources */,
				8FF63E6121E479A5003E8589 /* 12.jpg in Resources */,
				8FF63E5B21E479A5003E8589 /* 14.jpg in Resources */,
				8FF63E9121E479A5003E8589 /* 46.jpg in Resources */,
				8FF63E7E21E479A5003E8589 /* 43.jpg in Resources */,
				8FF63E5421E479A5003E8589 /* 58.jpg in Resources */,
				8FF63E6021E479A5003E8589 /* 16.jpg in Resources */,
				8FF63E4721E479A5003E8589 /* 63.jpg in Resources */,
				8FF63E8C21E479A5003E8589 /* 51.jpg in Resources */,
				8FF63E4C21E479A5003E8589 /* 49.jpg in Resources */,
				8FF63E5F21E479A5003E8589 /* 17.jpg in Resources */,
				8FF63E4B21E479A5003E8589 /* 48.jpg in Resources */,
				8FF63E5721E479A5003E8589 /* 72.jpg in Resources */,
				8FF63E7021E479A5003E8589 /* 27.jpg in Resources */,
				8FF63E8121E479A5003E8589 /* 41.jpg in Resources */,
				8FF63E5221E479A5003E8589 /* 64.jpg in Resources */,
				8FF63E4821E479A5003E8589 /* 62.jpg in Resources */,
				8FF63E8421E479A5003E8589 /* 40.jpg in Resources */,
				8FF63E4F21E479A5003E8589 /* 59.jpg in Resources */,
				8FF63E5621E479A5003E8589 /* 66.jpg in Resources */,
				8FF63E5A21E479A5003E8589 /* 9.jpg in Resources */,
				8FF63E7121E479A5003E8589 /* 26.jpg in Resources */,
				8FF63E7921E479A5003E8589 /* 42.jpg in Resources */,
				8FF63E8D21E479A5003E8589 /* 47.jpg in Resources */,
				8FF63E8021E479A5003E8589 /* 7.jpg in Resources */,
				8FF63E7C21E479A5003E8589 /* 5.jpg in Resources */,
				8FF63E7B21E479A5003E8589 /* 56.jpg in Resources */,
				8FF63E5E21E479A5003E8589 /* 15.jpg in Resources */,
				8FF63E8F21E479A5003E8589 /* 1.jpg in Resources */,
				8FF63E7221E479A5003E8589 /* 32.jpg in Resources */,
				8FF63E4E21E479A5003E8589 /* 75.jpg in Resources */,
				8FF63E7621E479A5003E8589 /* 31.jpg in Resources */,
				8FF63E4D21E479A5003E8589 /* 61.jpg in Resources */,
				8FF63E5D21E479A5003E8589 /* 29.jpg in Resources */,
				8FF63E8921E479A5003E8589 /* 44.jpg in Resources */,
				8FF63E5C21E479A5003E8589 /* 28.jpg in Resources */,
				8FF63E5521E479A5003E8589 /* 8.jpg in Resources */,
				8FF63E5321E479A5003E8589 /* 70.jpg in Resources */,
				8FF63E6421E479A5003E8589 /* 11.jpg in Resources */,
				8FF63E8E21E479A5003E8589 /* 53.jpg in Resources */,
				8FF63E6C21E479A5003E8589 /* 22.jpg in Resources */,
				8FF63E5821E479A5003E8589 /* 73.jpg in Resources */,
				8FF63E6821E479A5003E8589 /* 35.jpg in Resources */,
				8FF63E6721E479A5003E8589 /* 21.jpg in Resources */,
				8FF63E6521E479A5003E8589 /* 10.jpg in Resources */,
				8FF63E4A21E479A5003E8589 /* 60.jpg in Resources */,
				8FF63E7821E479A5003E8589 /* 19.jpg in Resources */,
				8FF63E6221E479A5003E8589 /* 13.jpg in Resources */,
				8FF63E8821E479A5003E8589 /* 50.jpg in Resources */,
				8FF63E5921E479A5003E8589 /* 67.jpg in Resources */,
				8FF63E7D21E479A5003E8589 /* 57.jpg in Resources */,
				8FF63E8B21E479A5003E8589 /* 3.jpg in Resources */,
				8FF63E6321E479A5003E8589 /* 39.jpg in Resources */,
				8FF63E6921E479A5003E8589 /* 34.jpg in Resources */,
				8FF63E8A21E479A5003E8589 /* 45.jpg in Resources */,
				8FF63E7521E479A5003E8589 /* 30.jpg in Resources */,
				8FF63E8721E479A5003E8589 /* 2.jpg in Resources */,
				8FF63E5021E479A5003E8589 /* 71.jpg in Resources */,
				8F75A04721D3705D0076AC43 /* Info.plist in Resources */,
				8FF63E7421E479A5003E8589 /* 24.jpg in Resources */,
				8FF63E6621E479A5003E8589 /* 38.jpg in Resources */,
				8FF63E9021E479A5003E8589 /* 52.jpg in Resources */,
				B14BAA632147A0CF00CAAF10 /* Assets.xcassets in Resources */,
				8FF63E6A21E479A5003E8589 /* 20.jpg in Resources */,
				8FF63E6E21E479A5003E8589 /* 37.jpg in Resources */,
			);
			runOnlyForDeploymentPostprocessing = 0;
		};
		B14BAA6C2147A0CF00CAAF10 /* Resources */ = {
			isa = PBXResourcesBuildPhase;
			buildActionMask = 2147483647;
			files = (
			);
			runOnlyForDeploymentPostprocessing = 0;
		};
		B14BAA772147A0CF00CAAF10 /* Resources */ = {
			isa = PBXResourcesBuildPhase;
			buildActionMask = 2147483647;
			files = (
			);
			runOnlyForDeploymentPostprocessing = 0;
		};
/* End PBXResourcesBuildPhase section */

/* Begin PBXSourcesBuildPhase section */
		B14BAA522147A0CD00CAAF10 /* Sources */ = {
			isa = PBXSourcesBuildPhase;
			buildActionMask = 2147483647;
			files = (
				8FF63E9721E5EB6C003E8589 /* WMAnimationViewController.m in Sources */,
				8F75A04821D3705D0076AC43 /* MJFoundation.m in Sources */,
				8F75A02621D36E110076AC43 /* UIColor+ColorChange.m in Sources */,
				8F0B12F121D7071D00E3A98F /* WBPopContentView.m in Sources */,
				B14BAA8F2147A1F100CAAF10 /* WMPopViewController.m in Sources */,
				8FF63DF421DF4047003E8589 /* MMTimerViewController.m in Sources */,
				8FF63E9421E479FD003E8589 /* MAThreeTimersVC.m in Sources */,
				8F75A04221D3705D0076AC43 /* MJExtensionConst.m in Sources */,
				8F75A02021D323E60076AC43 /* WBPopOverView.m in Sources */,
				8F8B12EA21D5F1FC00C0AB46 /* MDPopOverView.m in Sources */,
				8F75A04E21D372840076AC43 /* UIView+AutoLayout.m in Sources */,
				B14BAA922147AA2F00CAAF10 /* WMMainViewController.m in Sources */,
				8F75A03F21D3705D0076AC43 /* NSObject+MJKeyValue.m in Sources */,
				B150FB4A2148AD23002CC88F /* WMPop2ViewController.m in Sources */,
				8F75A04321D3705D0076AC43 /* NSObject+MJProperty.m in Sources */,
				8F75A03E21D3705D0076AC43 /* MJPropertyType.m in Sources */,
				8F75A04121D3705D0076AC43 /* NSObject+MJCoding.m in Sources */,
				8F75A04021D3705D0076AC43 /* MJProperty.m in Sources */,
				8FF63DF721DF468A003E8589 /* WMTimerTVC.m in Sources */,
				B14BAA982147BA2600CAAF10 /* WMPop1View.m in Sources */,
				8F75A04F21D372840076AC43 /* UIView+extension.m in Sources */,
				B14BAA952147B96D00CAAF10 /* WMPop1ViewController.m in Sources */,
				8F75A04621D3705D0076AC43 /* MJPropertyKey.m in Sources */,
				8F75A04421D3705D0076AC43 /* NSObject+MJClass.m in Sources */,
				8F75A04521D3705D0076AC43 /* NSString+MJExtension.m in Sources */,
				B14BAA692147A0CF00CAAF10 /* main.m in Sources */,
				B14BAA5B2147A0CE00CAAF10 /* AppDelegate.m in Sources */,
			);
			runOnlyForDeploymentPostprocessing = 0;
		};
		B14BAA6A2147A0CF00CAAF10 /* Sources */ = {
			isa = PBXSourcesBuildPhase;
			buildActionMask = 2147483647;
			files = (
				B14BAA732147A0CF00CAAF10 /* alertViewsTests.m in Sources */,
			);
			runOnlyForDeploymentPostprocessing = 0;
		};
		B14BAA752147A0CF00CAAF10 /* Sources */ = {
			isa = PBXSourcesBuildPhase;
			buildActionMask = 2147483647;
			files = (
				B14BAA7E2147A0CF00CAAF10 /* alertViewsUITests.m in Sources */,
			);
			runOnlyForDeploymentPostprocessing = 0;
		};
/* End PBXSourcesBuildPhase section */

/* Begin PBXTargetDependency section */
		B14BAA702147A0CF00CAAF10 /* PBXTargetDependency */ = {
			isa = PBXTargetDependency;
			target = B14BAA552147A0CD00CAAF10 /* alertViews */;
			targetProxy = B14BAA6F2147A0CF00CAAF10 /* PBXContainerItemProxy */;
		};
		B14BAA7B2147A0CF00CAAF10 /* PBXTargetDependency */ = {
			isa = PBXTargetDependency;
			target = B14BAA552147A0CD00CAAF10 /* alertViews */;
			targetProxy = B14BAA7A2147A0CF00CAAF10 /* PBXContainerItemProxy */;
		};
/* End PBXTargetDependency section */

/* Begin XCBuildConfiguration section */
		B14BAA802147A0CF00CAAF10 /* Debug */ = {
			isa = XCBuildConfiguration;
			buildSettings = {
				ALWAYS_SEARCH_USER_PATHS = NO;
				CLANG_ANALYZER_NONNULL = YES;
				CLANG_ANALYZER_NUMBER_OBJECT_CONVERSION = YES_AGGRESSIVE;
				CLANG_CXX_LANGUAGE_STANDARD = "gnu++14";
				CLANG_CXX_LIBRARY = "libc++";
				CLANG_ENABLE_MODULES = YES;
				CLANG_ENABLE_OBJC_ARC = YES;
				CLANG_ENABLE_OBJC_WEAK = YES;
				CLANG_WARN_BLOCK_CAPTURE_AUTORELEASING = YES;
				CLANG_WARN_BOOL_CONVERSION = YES;
				CLANG_WARN_COMMA = YES;
				CLANG_WARN_CONSTANT_CONVERSION = YES;
				CLANG_WARN_DEPRECATED_OBJC_IMPLEMENTATIONS = YES;
				CLANG_WARN_DIRECT_OBJC_ISA_USAGE = YES_ERROR;
				CLANG_WARN_DOCUMENTATION_COMMENTS = YES;
				CLANG_WARN_EMPTY_BODY = YES;
				CLANG_WARN_ENUM_CONVERSION = YES;
				CLANG_WARN_INFINITE_RECURSION = YES;
				CLANG_WARN_INT_CONVERSION = YES;
				CLANG_WARN_NON_LITERAL_NULL_CONVERSION = YES;
				CLANG_WARN_OBJC_IMPLICIT_RETAIN_SELF = YES;
				CLANG_WARN_OBJC_LITERAL_CONVERSION = YES;
				CLANG_WARN_OBJC_ROOT_CLASS = YES_ERROR;
				CLANG_WARN_RANGE_LOOP_ANALYSIS = YES;
				CLANG_WARN_STRICT_PROTOTYPES = YES;
				CLANG_WARN_SUSPICIOUS_MOVE = YES;
				CLANG_WARN_UNGUARDED_AVAILABILITY = YES_AGGRESSIVE;
				CLANG_WARN_UNREACHABLE_CODE = YES;
				CLANG_WARN__DUPLICATE_METHOD_MATCH = YES;
				CODE_SIGN_IDENTITY = "iPhone Developer";
				COPY_PHASE_STRIP = NO;
				DEBUG_INFORMATION_FORMAT = dwarf;
				ENABLE_STRICT_OBJC_MSGSEND = YES;
				ENABLE_TESTABILITY = YES;
				GCC_C_LANGUAGE_STANDARD = gnu11;
				GCC_DYNAMIC_NO_PIC = NO;
				GCC_NO_COMMON_BLOCKS = YES;
				GCC_OPTIMIZATION_LEVEL = 0;
				GCC_PREPROCESSOR_DEFINITIONS = (
					"DEBUG=1",
					"$(inherited)",
				);
				GCC_WARN_64_TO_32_BIT_CONVERSION = YES;
				GCC_WARN_ABOUT_RETURN_TYPE = YES_ERROR;
				GCC_WARN_UNDECLARED_SELECTOR = YES;
				GCC_WARN_UNINITIALIZED_AUTOS = YES_AGGRESSIVE;
				GCC_WARN_UNUSED_FUNCTION = YES;
				GCC_WARN_UNUSED_VARIABLE = YES;
				IPHONEOS_DEPLOYMENT_TARGET = 11.3;
				MTL_ENABLE_DEBUG_INFO = YES;
				ONLY_ACTIVE_ARCH = YES;
				SDKROOT = iphoneos;
			};
			name = Debug;
		};
		B14BAA812147A0CF00CAAF10 /* Release */ = {
			isa = XCBuildConfiguration;
			buildSettings = {
				ALWAYS_SEARCH_USER_PATHS = NO;
				CLANG_ANALYZER_NONNULL = YES;
				CLANG_ANALYZER_NUMBER_OBJECT_CONVERSION = YES_AGGRESSIVE;
				CLANG_CXX_LANGUAGE_STANDARD = "gnu++14";
				CLANG_CXX_LIBRARY = "libc++";
				CLANG_ENABLE_MODULES = YES;
				CLANG_ENABLE_OBJC_ARC = YES;
				CLANG_ENABLE_OBJC_WEAK = YES;
				CLANG_WARN_BLOCK_CAPTURE_AUTORELEASING = YES;
				CLANG_WARN_BOOL_CONVERSION = YES;
				CLANG_WARN_COMMA = YES;
				CLANG_WARN_CONSTANT_CONVERSION = YES;
				CLANG_WARN_DEPRECATED_OBJC_IMPLEMENTATIONS = YES;
				CLANG_WARN_DIRECT_OBJC_ISA_USAGE = YES_ERROR;
				CLANG_WARN_DOCUMENTATION_COMMENTS = YES;
				CLANG_WARN_EMPTY_BODY = YES;
				CLANG_WARN_ENUM_CONVERSION = YES;
				CLANG_WARN_INFINITE_RECURSION = YES;
				CLANG_WARN_INT_CONVERSION = YES;
				CLANG_WARN_NON_LITERAL_NULL_CONVERSION = YES;
				CLANG_WARN_OBJC_IMPLICIT_RETAIN_SELF = YES;
				CLANG_WARN_OBJC_LITERAL_CONVERSION = YES;
				CLANG_WARN_OBJC_ROOT_CLASS = YES_ERROR;
				CLANG_WARN_RANGE_LOOP_ANALYSIS = YES;
				CLANG_WARN_STRICT_PROTOTYPES = YES;
				CLANG_WARN_SUSPICIOUS_MOVE = YES;
				CLANG_WARN_UNGUARDED_AVAILABILITY = YES_AGGRESSIVE;
				CLANG_WARN_UNREACHABLE_CODE = YES;
				CLANG_WARN__DUPLICATE_METHOD_MATCH = YES;
				CODE_SIGN_IDENTITY = "iPhone Developer";
				COPY_PHASE_STRIP = NO;
				DEBUG_INFORMATION_FORMAT = "dwarf-with-dsym";
				ENABLE_NS_ASSERTIONS = NO;
				ENABLE_STRICT_OBJC_MSGSEND = YES;
				GCC_C_LANGUAGE_STANDARD = gnu11;
				GCC_NO_COMMON_BLOCKS = YES;
				GCC_WARN_64_TO_32_BIT_CONVERSION = YES;
				GCC_WARN_ABOUT_RETURN_TYPE = YES_ERROR;
				GCC_WARN_UNDECLARED_SELECTOR = YES;
				GCC_WARN_UNINITIALIZED_AUTOS = YES_AGGRESSIVE;
				GCC_WARN_UNUSED_FUNCTION = YES;
				GCC_WARN_UNUSED_VARIABLE = YES;
				IPHONEOS_DEPLOYMENT_TARGET = 11.3;
				MTL_ENABLE_DEBUG_INFO = NO;
				SDKROOT = iphoneos;
				VALIDATE_PRODUCT = YES;
			};
			name = Release;
		};
		B14BAA832147A0CF00CAAF10 /* Debug */ = {
			isa = XCBuildConfiguration;
			buildSettings = {
				ASSETCATALOG_COMPILER_APPICON_NAME = AppIcon;
				CODE_SIGN_STYLE = Automatic;
				DEVELOPMENT_TEAM = KM6ZEXC7YV;
				GCC_PRECOMPILE_PREFIX_HEADER = YES;
				GCC_PREFIX_HEADER = "/Users/Macx/Desktop/项目资料文件/L_O_V_E/alertViews/PrefixHeader.pch";
				INFOPLIST_FILE = alertViews/Info.plist;
				IPHONEOS_DEPLOYMENT_TARGET = 8.0;
				LD_RUNPATH_SEARCH_PATHS = (
					"$(inherited)",
					"@executable_path/Frameworks",
				);
				PRODUCT_BUNDLE_IDENTIFIER = personalGithub.alertViews;
				PRODUCT_NAME = "$(TARGET_NAME)";
				TARGETED_DEVICE_FAMILY = "1,2";
			};
			name = Debug;
		};
		B14BAA842147A0CF00CAAF10 /* Release */ = {
			isa = XCBuildConfiguration;
			buildSettings = {
				ASSETCATALOG_COMPILER_APPICON_NAME = AppIcon;
				CODE_SIGN_STYLE = Automatic;
				DEVELOPMENT_TEAM = KM6ZEXC7YV;
				GCC_PRECOMPILE_PREFIX_HEADER = YES;
				GCC_PREFIX_HEADER = "/Users/Macx/Desktop/项目资料文件/L_O_V_E/alertViews/PrefixHeader.pch";
				INFOPLIST_FILE = alertViews/Info.plist;
				IPHONEOS_DEPLOYMENT_TARGET = 8.0;
				LD_RUNPATH_SEARCH_PATHS = (
					"$(inherited)",
					"@executable_path/Frameworks",
				);
				PRODUCT_BUNDLE_IDENTIFIER = personalGithub.alertViews;
				PRODUCT_NAME = "$(TARGET_NAME)";
				TARGETED_DEVICE_FAMILY = "1,2";
			};
			name = Release;
		};
		B14BAA862147A0CF00CAAF10 /* Debug */ = {
			isa = XCBuildConfiguration;
			buildSettings = {
				BUNDLE_LOADER = "$(TEST_HOST)";
				CODE_SIGN_STYLE = Automatic;
				INFOPLIST_FILE = alertViewsTests/Info.plist;
				LD_RUNPATH_SEARCH_PATHS = (
					"$(inherited)",
					"@executable_path/Frameworks",
					"@loader_path/Frameworks",
				);
				PRODUCT_BUNDLE_IDENTIFIER = personalGithub.alertViewsTests;
				PRODUCT_NAME = "$(TARGET_NAME)";
				TARGETED_DEVICE_FAMILY = "1,2";
				TEST_HOST = "$(BUILT_PRODUCTS_DIR)/alertViews.app/alertViews";
			};
			name = Debug;
		};
		B14BAA872147A0CF00CAAF10 /* Release */ = {
			isa = XCBuildConfiguration;
			buildSettings = {
				BUNDLE_LOADER = "$(TEST_HOST)";
				CODE_SIGN_STYLE = Automatic;
				INFOPLIST_FILE = alertViewsTests/Info.plist;
				LD_RUNPATH_SEARCH_PATHS = (
					"$(inherited)",
					"@executable_path/Frameworks",
					"@loader_path/Frameworks",
				);
				PRODUCT_BUNDLE_IDENTIFIER = personalGithub.alertViewsTests;
				PRODUCT_NAME = "$(TARGET_NAME)";
				TARGETED_DEVICE_FAMILY = "1,2";
				TEST_HOST = "$(BUILT_PRODUCTS_DIR)/alertViews.app/alertViews";
			};
			name = Release;
		};
		B14BAA892147A0CF00CAAF10 /* Debug */ = {
			isa = XCBuildConfiguration;
			buildSettings = {
				CODE_SIGN_STYLE = Automatic;
				INFOPLIST_FILE = alertViewsUITests/Info.plist;
				LD_RUNPATH_SEARCH_PATHS = (
					"$(inherited)",
					"@executable_path/Frameworks",
					"@loader_path/Frameworks",
				);
				PRODUCT_BUNDLE_IDENTIFIER = personalGithub.alertViewsUITests;
				PRODUCT_NAME = "$(TARGET_NAME)";
				TARGETED_DEVICE_FAMILY = "1,2";
				TEST_TARGET_NAME = alertViews;
			};
			name = Debug;
		};
		B14BAA8A2147A0CF00CAAF10 /* Release */ = {
			isa = XCBuildConfiguration;
			buildSettings = {
				CODE_SIGN_STYLE = Automatic;
				INFOPLIST_FILE = alertViewsUITests/Info.plist;
				LD_RUNPATH_SEARCH_PATHS = (
					"$(inherited)",
					"@executable_path/Frameworks",
					"@loader_path/Frameworks",
				);
				PRODUCT_BUNDLE_IDENTIFIER = personalGithub.alertViewsUITests;
				PRODUCT_NAME = "$(TARGET_NAME)";
				TARGETED_DEVICE_FAMILY = "1,2";
				TEST_TARGET_NAME = alertViews;
			};
			name = Release;
		};
/* End XCBuildConfiguration section */

/* Begin XCConfigurationList section */
		B14BAA512147A0CD00CAAF10 /* Build configuration list for PBXProject "alertViews" */ = {
			isa = XCConfigurationList;
			buildConfigurations = (
				B14BAA802147A0CF00CAAF10 /* Debug */,
				B14BAA812147A0CF00CAAF10 /* Release */,
			);
			defaultConfigurationIsVisible = 0;
			defaultConfigurationName = Release;
		};
		B14BAA822147A0CF00CAAF10 /* Build configuration list for PBXNativeTarget "alertViews" */ = {
			isa = XCConfigurationList;
			buildConfigurations = (
				B14BAA832147A0CF00CAAF10 /* Debug */,
				B14BAA842147A0CF00CAAF10 /* Release */,
			);
			defaultConfigurationIsVisible = 0;
			defaultConfigurationName = Release;
		};
		B14BAA852147A0CF00CAAF10 /* Build configuration list for PBXNativeTarget "alertViewsTests" */ = {
			isa = XCConfigurationList;
			buildConfigurations = (
				B14BAA862147A0CF00CAAF10 /* Debug */,
				B14BAA872147A0CF00CAAF10 /* Release */,
			);
			defaultConfigurationIsVisible = 0;
			defaultConfigurationName = Release;
		};
		B14BAA882147A0CF00CAAF10 /* Build configuration list for PBXNativeTarget "alertViewsUITests" */ = {
			isa = XCConfigurationList;
			buildConfigurations = (
				B14BAA892147A0CF00CAAF10 /* Debug */,
				B14BAA8A2147A0CF00CAAF10 /* Release */,
			);
			defaultConfigurationIsVisible = 0;
			defaultConfigurationName = Release;
		};
/* End XCConfigurationList section */
	};
	rootObject = B14BAA4E2147A0CD00CAAF10 /* Project object */;
}
